
Microsoft Visual Studio Solution File, Format Version 12.00
# Visual Studio Version 16
VisualStudioVersion = 16.0.30717.126
MinimumVisualStudioVersion = 10.0.40219.1
Project("{FAE04EC0-301F-11D3-BF4B-00C04F79EFBC}") = "MovieApiHasnodeArticle", "MovieApiHasnodeArticle.csproj", "{63E64E1B-4B9C-44D9-B1BA-53AF2FBAD67F}"
EndProject
Global
	GlobalSection(SolutionConfigurationPlatforms) = preSolution
		Debug|Any CPU = Debug|Any CPU
		Release|Any CPU = Release|Any CPU
	EndGlobalSection
	GlobalSection(ProjectConfigurationPlatforms) = postSolution
		{63E64E1B-4B9C-44D9-B1BA-53AF2FBAD67F}.Debug|Any CPU.ActiveCfg = Debug|Any CPU
		{63E64E1B-4B9C-44D9-B1BA-53AF2FBAD67F}.Debug|Any CPU.Build.0 = Debug|Any CPU
		{63E64E1B-4B9C-44D9-B1BA-53AF2FBAD67F}.Release|Any CPU.ActiveCfg = Release|Any CPU
		{63E64E1B-4B9C-44D9-B1BA-53AF2FBAD67F}.Release|Any CPU.Build.0 = Release|Any CPU
	EndGlobalSection
	GlobalSection(SolutionProperties) = preSolution
		HideSolutionNode = FALSE
	EndGlobalSection
	GlobalSection(ExtensibilityGlobals) = postSolution
		SolutionGuid = {CC706D1F-FABE-40D2-BA91-1A4C46A7974E}
	EndGlobalSection
EndGlobal
